
Microsoft Visual Studio Solution File, Format Version 11.00
# Visual Studio 2010
Project("{FAE04EC0-301F-11D3-BF4B-00C04F79EFBC}") = "GDS-FirstPotion", "GDS-FirstPotion\GDS-FirstPotion\GDS-FirstPotion.csproj", "{633673F5-FA4B-4A61-9635-33E678152383}"
EndProject
Project("{96E2B04D-8817-42C6-938A-82C39BA4D311}") = "GDS-FirstPotionContent", "GDS-FirstPotion\GDS-FirstPotionContent\GDS-FirstPotionContent.contentproj", "{871612AD-D8CB-4BBA-921C-CEAACCD52A03}"
EndProject
Global
	GlobalSection(SolutionConfigurationPlatforms) = preSolution
		Debug|x86 = Debug|x86
		Release|x86 = Release|x86
	EndGlobalSection
	GlobalSection(ProjectConfigurationPlatforms) = postSolution
		{633673F5-FA4B-4A61-9635-33E678152383}.Debug|x86.ActiveCfg = Debug|x86
		{633673F5-FA4B-4A61-9635-33E678152383}.Debug|x86.Build.0 = Debug|x86
		{633673F5-FA4B-4A61-9635-33E678152383}.Release|x86.ActiveCfg = Release|x86
		{633673F5-FA4B-4A61-9635-33E678152383}.Release|x86.Build.0 = Release|x86
		{871612AD-D8CB-4BBA-921C-CEAACCD52A03}.Debug|x86.ActiveCfg = Debug|x86
		{871612AD-D8CB-4BBA-921C-CEAACCD52A03}.Release|x86.ActiveCfg = Release|x86
	EndGlobalSection
	GlobalSection(SolutionProperties) = preSolution
		HideSolutionNode = FALSE
	EndGlobalSection
EndGlobal
